
Microsoft Visual Studio Solution File, Format Version 12.00
# Visual Studio 15
VisualStudioVersion = 15.0.26430.14
MinimumVisualStudioVersion = 10.0.40219.1
Project("{FAE04EC0-301F-11D3-BF4B-00C04F79EFBC}") = "ThePostenPollingService", "ThePostenPollingService\ThePostenPollingService.csproj", "{202A1689-E124-45FF-8982-D61DDAEC120C}"
EndProject
Project("{54435603-DBB4-11D2-8724-00A0C9A8B90C}") = "ThePostenSetup", "ThePostenSetup\ThePostenSetup.vdproj", "{F74FFFC5-8577-41AA-91A7-91B18D2CD240}"
EndProject
Global
	GlobalSection(SolutionConfigurationPlatforms) = preSolution
		Debug|Any CPU = Debug|Any CPU
		Release|Any CPU = Release|Any CPU
	EndGlobalSection
	GlobalSection(ProjectConfigurationPlatforms) = postSolution
		{202A1689-E124-45FF-8982-D61DDAEC120C}.Debug|Any CPU.ActiveCfg = Debug|Any CPU
		{202A1689-E124-45FF-8982-D61DDAEC120C}.Debug|Any CPU.Build.0 = Debug|Any CPU
		{202A1689-E124-45FF-8982-D61DDAEC120C}.Release|Any CPU.ActiveCfg = Release|Any CPU
		{202A1689-E124-45FF-8982-D61DDAEC120C}.Release|Any CPU.Build.0 = Release|Any CPU
		{F74FFFC5-8577-41AA-91A7-91B18D2CD240}.Debug|Any CPU.ActiveCfg = Debug
		{F74FFFC5-8577-41AA-91A7-91B18D2CD240}.Release|Any CPU.ActiveCfg = Release
	EndGlobalSection
	GlobalSection(SolutionProperties) = preSolution
		HideSolutionNode = FALSE
	EndGlobalSection
EndGlobal
